// !$*UTF8*$!
{
	archiveVersion = 1;
	classes = {
	};
	objectVersion = 46;
	objects = {

/* Begin PBXBuildFile section */
		2C4B08A11B836834004A619A /* CoreBluetooth.framework in Frameworks */ = {isa = PBXBuildFile; fileRef = 2C4B08A01B836834004A619A /* CoreBluetooth.framework */; };
		2C4B08A21B83683F004A619A /* CoreBluetooth.framework in Frameworks */ = {isa = PBXBuildFile; fileRef = 2C4B08A01B836834004A619A /* CoreBluetooth.framework */; };
		2C6FB0C41B7D9D7F0029748F /* main.m in Sources */ = {isa = PBXBuildFile; fileRef = 2C6FB0C31B7D9D7F0029748F /* main.m */; };
		2C6FB0C71B7D9D7F0029748F /* AppDelegate.m in Sources */ = {isa = PBXBuildFile; fileRef = 2C6FB0C61B7D9D7F0029748F /* AppDelegate.m */; };
		2C6FB0CA1B7D9D7F0029748F /* ViewController.m in Sources */ = {isa = PBXBuildFile; fileRef = 2C6FB0C91B7D9D7F0029748F /* ViewController.m */; };
		2C6FB0CD1B7D9D7F0029748F /* Main.storyboard in Resources */ = {isa = PBXBuildFile; fileRef = 2C6FB0CB1B7D9D7F0029748F /* Main.storyboard */; };
		2C6FB0CF1B7D9D7F0029748F /* Images.xcassets in Resources */ = {isa = PBXBuildFile; fileRef = 2C6FB0CE1B7D9D7F0029748F /* Images.xcassets */; };
		2C6FB0D21B7D9D7F0029748F /* LaunchScreen.xib in Resources */ = {isa = PBXBuildFile; fileRef = 2C6FB0D01B7D9D7F0029748F /* LaunchScreen.xib */; };
		2C6FB0FD1B7E24C60029748F /* main.m in Sources */ = {isa = PBXBuildFile; fileRef = 2C6FB0FC1B7E24C60029748F /* main.m */; };
		2C6FB1001B7E24C60029748F /* AppDelegate.m in Sources */ = {isa = PBXBuildFile; fileRef = 2C6FB0FF1B7E24C60029748F /* AppDelegate.m */; };
		2C6FB1061B7E24C60029748F /* Main.storyboard in Resources */ = {isa = PBXBuildFile; fileRef = 2C6FB1041B7E24C60029748F /* Main.storyboard */; };
		2C6FB1081B7E24C60029748F /* Images.xcassets in Resources */ = {isa = PBXBuildFile; fileRef = 2C6FB1071B7E24C60029748F /* Images.xcassets */; };
		2C6FB10B1B7E24C60029748F /* LaunchScreen.xib in Resources */ = {isa = PBXBuildFile; fileRef = 2C6FB1091B7E24C60029748F /* LaunchScreen.xib */; };
		2C6FB12F1B7E25210029748F /* MusicQuery.m in Sources */ = {isa = PBXBuildFile; fileRef = 2C6FB1201B7E25210029748F /* MusicQuery.m */; };
		2C6FB1301B7E25210029748F /* TestMusicPlayer.m in Sources */ = {isa = PBXBuildFile; fileRef = 2C6FB1221B7E25210029748F /* TestMusicPlayer.m */; };
		2C6FB1311B7E25210029748F /* DetailViewController.m in Sources */ = {isa = PBXBuildFile; fileRef = 2C6FB1231B7E25210029748F /* DetailViewController.m */; };
		2C6FB1321B7E25210029748F /* MasterViewController.m in Sources */ = {isa = PBXBuildFile; fileRef = 2C6FB1251B7E25210029748F /* MasterViewController.m */; };
		2C6FB1331B7E25210029748F /* LaunchScreen.xib in Resources */ = {isa = PBXBuildFile; fileRef = 2C6FB1271B7E25210029748F /* LaunchScreen.xib */; };
		2C6FB1341B7E25210029748F /* Main.storyboard in Resources */ = {isa = PBXBuildFile; fileRef = 2C6FB1291B7E25210029748F /* Main.storyboard */; };
		2C6FB1351B7E25210029748F /* SettingsViewController.m in Sources */ = {isa = PBXBuildFile; fileRef = 2C6FB12C1B7E25210029748F /* SettingsViewController.m */; };
		2C774B571B843EE7005D660F /* MisfitLinkSDK.framework in Frameworks */ = {isa = PBXBuildFile; fileRef = 2C774B531B842638005D660F /* MisfitLinkSDK.framework */; };
		2C774B581B844F28005D660F /* MisfitLinkSDK.framework in Frameworks */ = {isa = PBXBuildFile; fileRef = 2C774B531B842638005D660F /* MisfitLinkSDK.framework */; };
/* End PBXBuildFile section */

/* Begin PBXCopyFilesBuildPhase section */
		2C6FB1381B7E25640029748F /* Copy Files */ = {
			isa = PBXCopyFilesBuildPhase;
			buildActionMask = 2147483647;
			dstPath = "";
			dstSubfolderSpec = 10;
			files = (
			);
			name = "Copy Files";
			runOnlyForDeploymentPostprocessing = 0;
		};
/* End PBXCopyFilesBuildPhase section */

/* Begin PBXFileReference section */
		2C4B08A01B836834004A619A /* CoreBluetooth.framework */ = {isa = PBXFileReference; lastKnownFileType = wrapper.framework; name = CoreBluetooth.framework; path = System/Library/Frameworks/CoreBluetooth.framework; sourceTree = SDKROOT; };
		2C6FB0BE1B7D9D7F0029748F /* com.misfit.linksdk.demo.msg.app */ = {isa = PBXFileReference; explicitFileType = wrapper.application; includeInIndex = 0; path = com.misfit.linksdk.demo.msg.app; sourceTree = BUILT_PRODUCTS_DIR; };
		2C6FB0C21B7D9D7F0029748F /* Info.plist */ = {isa = PBXFileReference; lastKnownFileType = text.plist.xml; path = Info.plist; sourceTree = "<group>"; };
		2C6FB0C31B7D9D7F0029748F /* main.m */ = {isa = PBXFileReference; lastKnownFileType = sourcecode.c.objc; path = main.m; sourceTree = "<group>"; };
		2C6FB0C51B7D9D7F0029748F /* AppDelegate.h */ = {isa = PBXFileReference; lastKnownFileType = sourcecode.c.h; path = AppDelegate.h; sourceTree = "<group>"; };
		2C6FB0C61B7D9D7F0029748F /* AppDelegate.m */ = {isa = PBXFileReference; lastKnownFileType = sourcecode.c.objc; path = AppDelegate.m; sourceTree = "<group>"; };
		2C6FB0C81B7D9D7F0029748F /* ViewController.h */ = {isa = PBXFileReference; lastKnownFileType = sourcecode.c.h; path = ViewController.h; sourceTree = "<group>"; };
		2C6FB0C91B7D9D7F0029748F /* ViewController.m */ = {isa = PBXFileReference; lastKnownFileType = sourcecode.c.objc; path = ViewController.m; sourceTree = "<group>"; };
		2C6FB0CC1B7D9D7F0029748F /* Base */ = {isa = PBXFileReference; lastKnownFileType = file.storyboard; name = Base; path = Base.lproj/Main.storyboard; sourceTree = "<group>"; };
		2C6FB0CE1B7D9D7F0029748F /* Images.xcassets */ = {isa = PBXFileReference; lastKnownFileType = folder.assetcatalog; path = Images.xcassets; sourceTree = "<group>"; };
		2C6FB0D11B7D9D7F0029748F /* Base */ = {isa = PBXFileReference; lastKnownFileType = file.xib; name = Base; path = Base.lproj/LaunchScreen.xib; sourceTree = "<group>"; };
		2C6FB0ED1B7DDBB90029748F /* const.h */ = {isa = PBXFileReference; lastKnownFileType = sourcecode.c.h; path = const.h; sourceTree = "<group>"; };
		2C6FB0F81B7E24C60029748F /* com.misfit.linksdk.demo.music.app */ = {isa = PBXFileReference; explicitFileType = wrapper.application; includeInIndex = 0; path = com.misfit.linksdk.demo.music.app; sourceTree = BUILT_PRODUCTS_DIR; };
		2C6FB0FB1B7E24C60029748F /* Info.plist */ = {isa = PBXFileReference; lastKnownFileType = text.plist.xml; path = Info.plist; sourceTree = "<group>"; };
		2C6FB0FC1B7E24C60029748F /* main.m */ = {isa = PBXFileReference; lastKnownFileType = sourcecode.c.objc; path = main.m; sourceTree = "<group>"; };
		2C6FB0FE1B7E24C60029748F /* AppDelegate.h */ = {isa = PBXFileReference; lastKnownFileType = sourcecode.c.h; path = AppDelegate.h; sourceTree = "<group>"; };
		2C6FB0FF1B7E24C60029748F /* AppDelegate.m */ = {isa = PBXFileReference; lastKnownFileType = sourcecode.c.objc; path = AppDelegate.m; sourceTree = "<group>"; };
		2C6FB1051B7E24C60029748F /* Base */ = {isa = PBXFileReference; lastKnownFileType = file.storyboard; name = Base; path = Base.lproj/Main.storyboard; sourceTree = "<group>"; };
		2C6FB1071B7E24C60029748F /* Images.xcassets */ = {isa = PBXFileReference; lastKnownFileType = folder.assetcatalog; path = Images.xcassets; sourceTree = "<group>"; };
		2C6FB10A1B7E24C60029748F /* Base */ = {isa = PBXFileReference; lastKnownFileType = file.xib; name = Base; path = Base.lproj/LaunchScreen.xib; sourceTree = "<group>"; };
		2C6FB11F1B7E25210029748F /* MusicQuery.h */ = {isa = PBXFileReference; fileEncoding = 4; lastKnownFileType = sourcecode.c.h; path = MusicQuery.h; sourceTree = "<group>"; };
		2C6FB1201B7E25210029748F /* MusicQuery.m */ = {isa = PBXFileReference; fileEncoding = 4; lastKnownFileType = sourcecode.c.objc; path = MusicQuery.m; sourceTree = "<group>"; };
		2C6FB1211B7E25210029748F /* TestMusicPlayer.h */ = {isa = PBXFileReference; fileEncoding = 4; lastKnownFileType = sourcecode.c.h; path = TestMusicPlayer.h; sourceTree = "<group>"; };
		2C6FB1221B7E25210029748F /* TestMusicPlayer.m */ = {isa = PBXFileReference; fileEncoding = 4; lastKnownFileType = sourcecode.c.objc; path = TestMusicPlayer.m; sourceTree = "<group>"; };
		2C6FB1231B7E25210029748F /* DetailViewController.m */ = {isa = PBXFileReference; fileEncoding = 4; lastKnownFileType = sourcecode.c.objc; path = DetailViewController.m; sourceTree = "<group>"; };
		2C6FB1241B7E25210029748F /* MasterViewController.h */ = {isa = PBXFileReference; fileEncoding = 4; lastKnownFileType = sourcecode.c.h; path = MasterViewController.h; sourceTree = "<group>"; };
		2C6FB1251B7E25210029748F /* MasterViewController.m */ = {isa = PBXFileReference; fileEncoding = 4; lastKnownFileType = sourcecode.c.objc; path = MasterViewController.m; sourceTree = "<group>"; };
		2C6FB1281B7E25210029748F /* Base */ = {isa = PBXFileReference; lastKnownFileType = file.xib; name = Base; path = LaunchScreen.xib; sourceTree = "<group>"; };
		2C6FB12A1B7E25210029748F /* Base */ = {isa = PBXFileReference; lastKnownFileType = file.storyboard; name = Base; path = Main.storyboard; sourceTree = "<group>"; };
		2C6FB12B1B7E25210029748F /* DetailViewController.h */ = {isa = PBXFileReference; fileEncoding = 4; lastKnownFileType = sourcecode.c.h; path = DetailViewController.h; sourceTree = "<group>"; };
		2C6FB12C1B7E25210029748F /* SettingsViewController.m */ = {isa = PBXFileReference; fileEncoding = 4; lastKnownFileType = sourcecode.c.objc; path = SettingsViewController.m; sourceTree = "<group>"; };
		2C6FB12E1B7E25210029748F /* SettingsViewController.h */ = {isa = PBXFileReference; fileEncoding = 4; lastKnownFileType = sourcecode.c.h; path = SettingsViewController.h; sourceTree = "<group>"; };
		2C774B531B842638005D660F /* MisfitLinkSDK.framework */ = {isa = PBXFileReference; lastKnownFileType = wrapper.framework; name = MisfitLinkSDK.framework; path = ../../MisfitLinkSDK/MisfitLinkSDK.framework; sourceTree = "<group>"; };
/* End PBXFileReference section */

/* Begin PBXFrameworksBuildPhase section */
		2C6FB0BB1B7D9D7F0029748F /* Frameworks */ = {
			isa = PBXFrameworksBuildPhase;
			buildActionMask = 2147483647;
			files = (
				2C774B571B843EE7005D660F /* MisfitLinkSDK.framework in Frameworks */,
				2C4B08A11B836834004A619A /* CoreBluetooth.framework in Frameworks */,
			);
			runOnlyForDeploymentPostprocessing = 0;
		};
		2C6FB0F51B7E24C60029748F /* Frameworks */ = {
			isa = PBXFrameworksBuildPhase;
			buildActionMask = 2147483647;
			files = (
				2C774B581B844F28005D660F /* MisfitLinkSDK.framework in Frameworks */,
				2C4B08A21B83683F004A619A /* CoreBluetooth.framework in Frameworks */,
			);
			runOnlyForDeploymentPostprocessing = 0;
		};
/* End PBXFrameworksBuildPhase section */

/* Begin PBXGroup section */
		2C6FB0B51B7D9D7F0029748F = {
			isa = PBXGroup;
			children = (
				2C6FB0EC1B7DD6420029748F /* Frameworks */,
				2C6FB0F91B7E24C60029748F /* com.misfit.linksdk.demo.music */,
				2C6FB0C01B7D9D7F0029748F /* com.misfit.linksdk.demo.msg */,
				2C6FB0BF1B7D9D7F0029748F /* Products */,
			);
			sourceTree = "<group>";
		};
		2C6FB0BF1B7D9D7F0029748F /* Products */ = {
			isa = PBXGroup;
			children = (
				2C6FB0BE1B7D9D7F0029748F /* com.misfit.linksdk.demo.msg.app */,
				2C6FB0F81B7E24C60029748F /* com.misfit.linksdk.demo.music.app */,
			);
			name = Products;
			sourceTree = "<group>";
		};
		2C6FB0C01B7D9D7F0029748F /* com.misfit.linksdk.demo.msg */ = {
			isa = PBXGroup;
			children = (
				2C6FB0C51B7D9D7F0029748F /* AppDelegate.h */,
				2C6FB0C61B7D9D7F0029748F /* AppDelegate.m */,
				2C6FB0C81B7D9D7F0029748F /* ViewController.h */,
				2C6FB0C91B7D9D7F0029748F /* ViewController.m */,
				2C6FB0CB1B7D9D7F0029748F /* Main.storyboard */,
				2C6FB0CE1B7D9D7F0029748F /* Images.xcassets */,
				2C6FB0D01B7D9D7F0029748F /* LaunchScreen.xib */,
				2C6FB0C11B7D9D7F0029748F /* Supporting Files */,
				2C6FB0ED1B7DDBB90029748F /* const.h */,
			);
			name = com.misfit.linksdk.demo.msg;
			path = com.misfit.linksdk.demo;
			sourceTree = "<group>";
		};
		2C6FB0C11B7D9D7F0029748F /* Supporting Files */ = {
			isa = PBXGroup;
			children = (
				2C6FB0C21B7D9D7F0029748F /* Info.plist */,
				2C6FB0C31B7D9D7F0029748F /* main.m */,
			);
			name = "Supporting Files";
			sourceTree = "<group>";
		};
		2C6FB0EC1B7DD6420029748F /* Frameworks */ = {
			isa = PBXGroup;
			children = (
				2C774B531B842638005D660F /* MisfitLinkSDK.framework */,
				2C4B08A01B836834004A619A /* CoreBluetooth.framework */,
			);
			name = Frameworks;
			sourceTree = "<group>";
		};
		2C6FB0F91B7E24C60029748F /* com.misfit.linksdk.demo.music */ = {
			isa = PBXGroup;
			children = (
				2C6FB11E1B7E25210029748F /* Music */,
				2C6FB1231B7E25210029748F /* DetailViewController.m */,
				2C6FB1241B7E25210029748F /* MasterViewController.h */,
				2C6FB1251B7E25210029748F /* MasterViewController.m */,
				2C6FB1261B7E25210029748F /* Base.lproj */,
				2C6FB12B1B7E25210029748F /* DetailViewController.h */,
				2C6FB12C1B7E25210029748F /* SettingsViewController.m */,
				2C6FB12E1B7E25210029748F /* SettingsViewController.h */,
				2C6FB0FE1B7E24C60029748F /* AppDelegate.h */,
				2C6FB0FF1B7E24C60029748F /* AppDelegate.m */,
				2C6FB1041B7E24C60029748F /* Main.storyboard */,
				2C6FB1071B7E24C60029748F /* Images.xcassets */,
				2C6FB1091B7E24C60029748F /* LaunchScreen.xib */,
				2C6FB0FA1B7E24C60029748F /* Supporting Files */,
			);
			path = com.misfit.linksdk.demo.music;
			sourceTree = "<group>";
		};
		2C6FB0FA1B7E24C60029748F /* Supporting Files */ = {
			isa = PBXGroup;
			children = (
				2C6FB0FB1B7E24C60029748F /* Info.plist */,
				2C6FB0FC1B7E24C60029748F /* main.m */,
			);
			name = "Supporting Files";
			sourceTree = "<group>";
		};
		2C6FB11E1B7E25210029748F /* Music */ = {
			isa = PBXGroup;
			children = (
				2C6FB11F1B7E25210029748F /* MusicQuery.h */,
				2C6FB1201B7E25210029748F /* MusicQuery.m */,
				2C6FB1211B7E25210029748F /* TestMusicPlayer.h */,
				2C6FB1221B7E25210029748F /* TestMusicPlayer.m */,
			);
			path = Music;
			sourceTree = "<group>";
		};
		2C6FB1261B7E25210029748F /* Base.lproj */ = {
			isa = PBXGroup;
			children = (
				2C6FB1271B7E25210029748F /* LaunchScreen.xib */,
				2C6FB1291B7E25210029748F /* Main.storyboard */,
			);
			path = Base.lproj;
			sourceTree = "<group>";
		};
/* End PBXGroup section */

/* Begin PBXNativeTarget section */
		2C6FB0BD1B7D9D7F0029748F /* com.misfit.linksdk.demo.msg */ = {
			isa = PBXNativeTarget;
			buildConfigurationList = 2C6FB0E11B7D9D7F0029748F /* Build configuration list for PBXNativeTarget "com.misfit.linksdk.demo.msg" */;
			buildPhases = (
				2C6FB0BA1B7D9D7F0029748F /* Sources */,
				2C6FB0BB1B7D9D7F0029748F /* Frameworks */,
				2C6FB0BC1B7D9D7F0029748F /* Resources */,
			);
			buildRules = (
			);
			dependencies = (
			);
			name = com.misfit.linksdk.demo.msg;
			productName = com.misfit.linksdk.demo;
			productReference = 2C6FB0BE1B7D9D7F0029748F /* com.misfit.linksdk.demo.msg.app */;
			productType = "com.apple.product-type.application";
		};
		2C6FB0F71B7E24C60029748F /* com.misfit.linksdk.demo.music */ = {
			isa = PBXNativeTarget;
			buildConfigurationList = 2C6FB1181B7E24C60029748F /* Build configuration list for PBXNativeTarget "com.misfit.linksdk.demo.music" */;
			buildPhases = (
				2C6FB0F41B7E24C60029748F /* Sources */,
				2C6FB0F51B7E24C60029748F /* Frameworks */,
				2C6FB0F61B7E24C60029748F /* Resources */,
				2C6FB1381B7E25640029748F /* Copy Files */,
			);
			buildRules = (
			);
			dependencies = (
			);
			name = com.misfit.linksdk.demo.music;
			productName = com.misfit.linksdk.demo.music;
			productReference = 2C6FB0F81B7E24C60029748F /* com.misfit.linksdk.demo.music.app */;
			productType = "com.apple.product-type.application";
		};
/* End PBXNativeTarget section */

/* Begin PBXProject section */
		2C6FB0B61B7D9D7F0029748F /* Project object */ = {
			isa = PBXProject;
			attributes = {
				LastUpgradeCheck = 0640;
				ORGANIZATIONNAME = Misfit;
				TargetAttributes = {
					2C6FB0BD1B7D9D7F0029748F = {
						CreatedOnToolsVersion = 6.4;
						DevelopmentTeam = WC64T22ANZ;
						SystemCapabilities = {
							com.apple.BackgroundModes = {
								enabled = 1;
							};
						};
					};
					2C6FB0F71B7E24C60029748F = {
						CreatedOnToolsVersion = 6.4;
					};
				};
			};
			buildConfigurationList = 2C6FB0B91B7D9D7F0029748F /* Build configuration list for PBXProject "com.misfit.linksdk.demo" */;
			compatibilityVersion = "Xcode 3.2";
			developmentRegion = English;
			hasScannedForEncodings = 0;
			knownRegions = (
				en,
				Base,
			);
			mainGroup = 2C6FB0B51B7D9D7F0029748F;
			productRefGroup = 2C6FB0BF1B7D9D7F0029748F /* Products */;
			projectDirPath = "";
			projectRoot = "";
			targets = (
				2C6FB0BD1B7D9D7F0029748F /* com.misfit.linksdk.demo.msg */,
				2C6FB0F71B7E24C60029748F /* com.misfit.linksdk.demo.music */,
			);
		};
/* End PBXProject section */

/* Begin PBXResourcesBuildPhase section */
		2C6FB0BC1B7D9D7F0029748F /* Resources */ = {
			isa = PBXResourcesBuildPhase;
			buildActionMask = 2147483647;
			files = (
				2C6FB0CD1B7D9D7F0029748F /* Main.storyboard in Resources */,
				2C6FB0D21B7D9D7F0029748F /* LaunchScreen.xib in Resources */,
				2C6FB0CF1B7D9D7F0029748F /* Images.xcassets in Resources */,
			);
			runOnlyForDeploymentPostprocessing = 0;
		};
		2C6FB0F61B7E24C60029748F /* Resources */ = {
			isa = PBXResourcesBuildPhase;
			buildActionMask = 2147483647;
			files = (
				2C6FB1331B7E25210029748F /* LaunchScreen.xib in Resources */,
				2C6FB1341B7E25210029748F /* Main.storyboard in Resources */,
				2C6FB1061B7E24C60029748F /* Main.storyboard in Resources */,
				2C6FB10B1B7E24C60029748F /* LaunchScreen.xib in Resources */,
				2C6FB1081B7E24C60029748F /* Images.xcassets in Resources */,
			);
			runOnlyForDeploymentPostprocessing = 0;
		};
/* End PBXResourcesBuildPhase section */

/* Begin PBXSourcesBuildPhase section */
		2C6FB0BA1B7D9D7F0029748F /* Sources */ = {
			isa = PBXSourcesBuildPhase;
			buildActionMask = 2147483647;
			files = (
				2C6FB0CA1B7D9D7F0029748F /* ViewController.m in Sources */,
				2C6FB0C71B7D9D7F0029748F /* AppDelegate.m in Sources */,
				2C6FB0C41B7D9D7F0029748F /* main.m in Sources */,
			);
			runOnlyForDeploymentPostprocessing = 0;
		};
		2C6FB0F41B7E24C60029748F /* Sources */ = {
			isa = PBXSourcesBuildPhase;
			buildActionMask = 2147483647;
			files = (
				2C6FB1001B7E24C60029748F /* AppDelegate.m in Sources */,
				2C6FB12F1B7E25210029748F /* MusicQuery.m in Sources */,
				2C6FB1351B7E25210029748F /* SettingsViewController.m in Sources */,
				2C6FB1301B7E25210029748F /* TestMusicPlayer.m in Sources */,
				2C6FB0FD1B7E24C60029748F /* main.m in Sources */,
				2C6FB1311B7E25210029748F /* DetailViewController.m in Sources */,
				2C6FB1321B7E25210029748F /* MasterViewController.m in Sources */,
			);
			runOnlyForDeploymentPostprocessing = 0;
		};
/* End PBXSourcesBuildPhase section */

/* Begin PBXVariantGroup section */
		2C6FB0CB1B7D9D7F0029748F /* Main.storyboard */ = {
			isa = PBXVariantGroup;
			children = (
				2C6FB0CC1B7D9D7F0029748F /* Base */,
			);
			name = Main.storyboard;
			sourceTree = "<group>";
		};
		2C6FB0D01B7D9D7F0029748F /* LaunchScreen.xib */ = {
			isa = PBXVariantGroup;
			children = (
				2C6FB0D11B7D9D7F0029748F /* Base */,
			);
			name = LaunchScreen.xib;
			sourceTree = "<group>";
		};
		2C6FB1041B7E24C60029748F /* Main.storyboard */ = {
			isa = PBXVariantGroup;
			children = (
				2C6FB1051B7E24C60029748F /* Base */,
			);
			name = Main.storyboard;
			sourceTree = "<group>";
		};
		2C6FB1091B7E24C60029748F /* LaunchScreen.xib */ = {
			isa = PBXVariantGroup;
			children = (
				2C6FB10A1B7E24C60029748F /* Base */,
			);
			name = LaunchScreen.xib;
			sourceTree = "<group>";
		};
		2C6FB1271B7E25210029748F /* LaunchScreen.xib */ = {
			isa = PBXVariantGroup;
			children = (
				2C6FB1281B7E25210029748F /* Base */,
			);
			name = LaunchScreen.xib;
			sourceTree = "<group>";
		};
		2C6FB1291B7E25210029748F /* Main.storyboard */ = {
			isa = PBXVariantGroup;
			children = (
				2C6FB12A1B7E25210029748F /* Base */,
			);
			name = Main.storyboard;
			sourceTree = "<group>";
		};
/* End PBXVariantGroup section */

/* Begin XCBuildConfiguration section */
		2C6FB0DF1B7D9D7F0029748F /* Debug */ = {
			isa = XCBuildConfiguration;
			buildSettings = {
				ALWAYS_SEARCH_USER_PATHS = NO;
				CLANG_CXX_LANGUAGE_STANDARD = "gnu++0x";
				CLANG_CXX_LIBRARY = "libc++";
				CLANG_ENABLE_MODULES = YES;
				CLANG_ENABLE_OBJC_ARC = YES;
				CLANG_WARN_BOOL_CONVERSION = YES;
				CLANG_WARN_CONSTANT_CONVERSION = YES;
				CLANG_WARN_DIRECT_OBJC_ISA_USAGE = YES_ERROR;
				CLANG_WARN_EMPTY_BODY = YES;
				CLANG_WARN_ENUM_CONVERSION = YES;
				CLANG_WARN_INT_CONVERSION = YES;
				CLANG_WARN_OBJC_ROOT_CLASS = YES_ERROR;
				CLANG_WARN_UNREACHABLE_CODE = YES;
				CLANG_WARN__DUPLICATE_METHOD_MATCH = YES;
				"CODE_SIGN_IDENTITY[sdk=iphoneos*]" = "iPhone Developer";
				COPY_PHASE_STRIP = NO;
				DEBUG_INFORMATION_FORMAT = "dwarf-with-dsym";
				ENABLE_STRICT_OBJC_MSGSEND = YES;
				GCC_C_LANGUAGE_STANDARD = gnu99;
				GCC_DYNAMIC_NO_PIC = NO;
				GCC_NO_COMMON_BLOCKS = YES;
				GCC_OPTIMIZATION_LEVEL = 0;
				GCC_PREPROCESSOR_DEFINITIONS = (
					"DEBUG=1",
					"$(inherited)",
				);
				GCC_SYMBOLS_PRIVATE_EXTERN = NO;
				GCC_WARN_64_TO_32_BIT_CONVERSION = YES;
				GCC_WARN_ABOUT_RETURN_TYPE = YES_ERROR;
				GCC_WARN_UNDECLARED_SELECTOR = YES;
				GCC_WARN_UNINITIALIZED_AUTOS = YES_AGGRESSIVE;
				GCC_WARN_UNUSED_FUNCTION = YES;
				GCC_WARN_UNUSED_VARIABLE = YES;
				IPHONEOS_DEPLOYMENT_TARGET = 8.4;
				MTL_ENABLE_DEBUG_INFO = YES;
				ONLY_ACTIVE_ARCH = YES;
				SDKROOT = iphoneos;
				TARGETED_DEVICE_FAMILY = "1,2";
			};
			name = Debug;
		};
		2C6FB0E01B7D9D7F0029748F /* Release */ = {
			isa = XCBuildConfiguration;
			buildSettings = {
				ALWAYS_SEARCH_USER_PATHS = NO;
				CLANG_CXX_LANGUAGE_STANDARD = "gnu++0x";
				CLANG_CXX_LIBRARY = "libc++";
				CLANG_ENABLE_MODULES = YES;
				CLANG_ENABLE_OBJC_ARC = YES;
				CLANG_WARN_BOOL_CONVERSION = YES;
				CLANG_WARN_CONSTANT_CONVERSION = YES;
				CLANG_WARN_DIRECT_OBJC_ISA_USAGE = YES_ERROR;
				CLANG_WARN_EMPTY_BODY = YES;
				CLANG_WARN_ENUM_CONVERSION = YES;
				CLANG_WARN_INT_CONVERSION = YES;
				CLANG_WARN_OBJC_ROOT_CLASS = YES_ERROR;
				CLANG_WARN_UNREACHABLE_CODE = YES;
				CLANG_WARN__DUPLICATE_METHOD_MATCH = YES;
				"CODE_SIGN_IDENTITY[sdk=iphoneos*]" = "iPhone Developer";
				COPY_PHASE_STRIP = NO;
				DEBUG_INFORMATION_FORMAT = "dwarf-with-dsym";
				ENABLE_NS_ASSERTIONS = NO;
				ENABLE_STRICT_OBJC_MSGSEND = YES;
				GCC_C_LANGUAGE_STANDARD = gnu99;
				GCC_NO_COMMON_BLOCKS = YES;
				GCC_WARN_64_TO_32_BIT_CONVERSION = YES;
				GCC_WARN_ABOUT_RETURN_TYPE = YES_ERROR;
				GCC_WARN_UNDECLARED_SELECTOR = YES;
				GCC_WARN_UNINITIALIZED_AUTOS = YES_AGGRESSIVE;
				GCC_WARN_UNUSED_FUNCTION = YES;
				GCC_WARN_UNUSED_VARIABLE = YES;
				IPHONEOS_DEPLOYMENT_TARGET = 8.4;
				MTL_ENABLE_DEBUG_INFO = NO;
				SDKROOT = iphoneos;
				TARGETED_DEVICE_FAMILY = "1,2";
				VALIDATE_PRODUCT = YES;
			};
			name = Release;
		};
		2C6FB0E21B7D9D7F0029748F /* Debug */ = {
			isa = XCBuildConfiguration;
			buildSettings = {
				ASSETCATALOG_COMPILER_APPICON_NAME = AppIcon;
				CODE_SIGN_IDENTITY = "iPhone Developer";
				"CODE_SIGN_IDENTITY[sdk=iphoneos*]" = "iPhone Developer";
				FRAMEWORK_SEARCH_PATHS = (
					"$(inherited)",
					/Users/aseign/dev/misfit/thirdparty/MisfitLinkSDK,
				);
				INFOPLIST_FILE = com.misfit.linksdk.demo/Info.plist;
				IPHONEOS_DEPLOYMENT_TARGET = 7.0;
				LD_RUNPATH_SEARCH_PATHS = "$(inherited) @executable_path/Frameworks";
				OTHER_LDFLAGS = "-ObjC";
				PRODUCT_NAME = "$(TARGET_NAME)";
				PROVISIONING_PROFILE = "";
			};
			name = Debug;
		};
		2C6FB0E31B7D9D7F0029748F /* Release */ = {
			isa = XCBuildConfiguration;
			buildSettings = {
				ASSETCATALOG_COMPILER_APPICON_NAME = AppIcon;
				CODE_SIGN_IDENTITY = "iPhone Developer";
				"CODE_SIGN_IDENTITY[sdk=iphoneos*]" = "iPhone Developer";
				FRAMEWORK_SEARCH_PATHS = (
					"$(inherited)",
					/Users/aseign/dev/misfit/thirdparty/MisfitLinkSDK,
				);
				INFOPLIST_FILE = com.misfit.linksdk.demo/Info.plist;
				IPHONEOS_DEPLOYMENT_TARGET = 7.0;
				LD_RUNPATH_SEARCH_PATHS = "$(inherited) @executable_path/Frameworks";
				OTHER_LDFLAGS = "-ObjC";
				PRODUCT_NAME = "$(TARGET_NAME)";
				PROVISIONING_PROFILE = "";
			};
			name = Release;
		};
		2C6FB1191B7E24C60029748F /* Debug */ = {
			isa = XCBuildConfiguration;
			buildSettings = {
				ASSETCATALOG_COMPILER_APPICON_NAME = AppIcon;
				FRAMEWORK_SEARCH_PATHS = (
					"$(inherited)",
					/Users/aseign/dev/misfit/thirdparty/MisfitLinkSDK,
				);
				GCC_PREPROCESSOR_DEFINITIONS = (
					"DEBUG=1",
					"$(inherited)",
				);
				INFOPLIST_FILE = com.misfit.linksdk.demo.music/Info.plist;
				IPHONEOS_DEPLOYMENT_TARGET = 7.0;
				LD_RUNPATH_SEARCH_PATHS = "$(inherited) @executable_path/Frameworks";
				OTHER_LDFLAGS = "-ObjC";
				PRODUCT_NAME = "$(TARGET_NAME)";
			};
			name = Debug;
		};
		2C6FB11A1B7E24C60029748F /* Release */ = {
			isa = XCBuildConfiguration;
			buildSettings = {
				ASSETCATALOG_COMPILER_APPICON_NAME = AppIcon;
				FRAMEWORK_SEARCH_PATHS = (
					"$(inherited)",
					/Users/aseign/dev/misfit/thirdparty/MisfitLinkSDK,
				);
				INFOPLIST_FILE = com.misfit.linksdk.demo.music/Info.plist;
				IPHONEOS_DEPLOYMENT_TARGET = 7.0;
				LD_RUNPATH_SEARCH_PATHS = "$(inherited) @executable_path/Frameworks";
				OTHER_LDFLAGS = "-ObjC";
				PRODUCT_NAME = "$(TARGET_NAME)";
			};
			name = Release;
		};
/* End XCBuildConfiguration section */

/* Begin XCConfigurationList section */
		2C6FB0B91B7D9D7F0029748F /* Build configuration list for PBXProject "com.misfit.linksdk.demo" */ = {
			isa = XCConfigurationList;
			buildConfigurations = (
				2C6FB0DF1B7D9D7F0029748F /* Debug */,
				2C6FB0E01B7D9D7F0029748F /* Release */,
			);
			defaultConfigurationIsVisible = 0;
			defaultConfigurationName = Release;
		};
		2C6FB0E11B7D9D7F0029748F /* Build configuration list for PBXNativeTarget "com.misfit.linksdk.demo.msg" */ = {
			isa = XCConfigurationList;
			buildConfigurations = (
				2C6FB0E21B7D9D7F0029748F /* Debug */,
				2C6FB0E31B7D9D7F0029748F /* Release */,
			);
			defaultConfigurationIsVisible = 0;
			defaultConfigurationName = Release;
		};
		2C6FB1181B7E24C60029748F /* Build configuration list for PBXNativeTarget "com.misfit.linksdk.demo.music" */ = {
			isa = XCConfigurationList;
			buildConfigurations = (
				2C6FB1191B7E24C60029748F /* Debug */,
				2C6FB11A1B7E24C60029748F /* Release */,
			);
			defaultConfigurationIsVisible = 0;
			defaultConfigurationName = Release;
		};
/* End XCConfigurationList section */
	};
	rootObject = 2C6FB0B61B7D9D7F0029748F /* Project object */;
}
